
Microsoft Visual Studio Solution File, Format Version 12.00
# Visual Studio 15
Project("{FAE04EC0-301F-11D3-BF4B-00C04F79EFBC}") = "Assembly-CSharp", "Assembly-CSharp.csproj", "{D8983891-B2AA-EC96-CB54-81A2552B0D37}"
EndProject
Project("{FAE04EC0-301F-11D3-BF4B-00C04F79EFBC}") = "Assembly-CSharp-firstpass", "Assembly-CSharp-firstpass.csproj", "{93DAE6ED-B28E-6EE8-1FD4-0023E7D040F5}"
EndProject
Global
	GlobalSection(SolutionConfigurationPlatforms) = preSolution
		Debug|Any CPU = Debug|Any CPU
		Release|Any CPU = Release|Any CPU
	EndGlobalSection
	GlobalSection(ProjectConfigurationPlatforms) = postSolution
		{D8983891-B2AA-EC96-CB54-81A2552B0D37}.Debug|Any CPU.ActiveCfg = Debug|Any CPU
		{D8983891-B2AA-EC96-CB54-81A2552B0D37}.Debug|Any CPU.Build.0 = Debug|Any CPU
		{D8983891-B2AA-EC96-CB54-81A2552B0D37}.Release|Any CPU.ActiveCfg = Release|Any CPU
		{D8983891-B2AA-EC96-CB54-81A2552B0D37}.Release|Any CPU.Build.0 = Release|Any CPU
		{93DAE6ED-B28E-6EE8-1FD4-0023E7D040F5}.Debug|Any CPU.ActiveCfg = Debug|Any CPU
		{93DAE6ED-B28E-6EE8-1FD4-0023E7D040F5}.Debug|Any CPU.Build.0 = Debug|Any CPU
		{93DAE6ED-B28E-6EE8-1FD4-0023E7D040F5}.Release|Any CPU.ActiveCfg = Release|Any CPU
		{93DAE6ED-B28E-6EE8-1FD4-0023E7D040F5}.Release|Any CPU.Build.0 = Release|Any CPU
	EndGlobalSection
	GlobalSection(SolutionProperties) = preSolution
		HideSolutionNode = FALSE
	EndGlobalSection
EndGlobal
